github.com/ClarkQAQ/uw v0.0.0-20230911090314-9617b4352e12 h1:sOV864zIZ/O805fwe8N03lJNSv7/s7loieQaEss8dyU=
github.com/ClarkQAQ/uw v0.0.0-20230911090314-9617b4352e12/go.mod h1:rJFsUALhFkhhxOfSzBsYArYI77cswsrmld6Pa/NoL90=
github.com/ebitengine/purego v0.5.1 h1:hNunhThpOf1vzKl49v6YxIsXLhl92vbBEv1/2Ez3ZrY=
github.com/ebitengine/purego v0.5.1/go.mod h1:ah1In8AOtksoNK6yk5z1HTJeUkC1Ez4Wk2idgGslMwQ=
golang.org/x/sys v0.7.0 h1:3jlCCIQZPdOYu1h8BkNvLz8Kgwtae2cagcG/VamtZRU=
golang.org/x/sys v0.7.0/go.mod h1:oPkhp1MJrh7nUepCBck5+mAzfO9JrbApNNgaTdGDITg=
